
Microsoft Visual Studio Solution File, Format Version 12.00
# Visual Studio Version 16
VisualStudioVersion = 16.0.30608.117
MinimumVisualStudioVersion = 10.0.40219.1
Project("{9A19103F-16F7-4668-BE54-9A1E7A4F7556}") = "babl", "babl\babl.csproj", "{2291B924-BF74-4698-BC54-A9F859B0E2D1}"
EndProject
Project("{FAE04EC0-301F-11D3-BF4B-00C04F79EFBC}") = "babl.Tests", "babl.Tests\babl.Tests.csproj", "{4A320CDD-A4CE-4E86-8BCD-411CD374D506}"
EndProject
Global
	GlobalSection(SolutionConfigurationPlatforms) = preSolution
		Debug|Any CPU = Debug|Any CPU
		Release|Any CPU = Release|Any CPU
	EndGlobalSection
	GlobalSection(ProjectConfigurationPlatforms) = postSolution
		{2291B924-BF74-4698-BC54-A9F859B0E2D1}.Debug|Any CPU.ActiveCfg = Debug|Any CPU
		{2291B924-BF74-4698-BC54-A9F859B0E2D1}.Debug|Any CPU.Build.0 = Debug|Any CPU
		{2291B924-BF74-4698-BC54-A9F859B0E2D1}.Release|Any CPU.ActiveCfg = Release|Any CPU
		{2291B924-BF74-4698-BC54-A9F859B0E2D1}.Release|Any CPU.Build.0 = Release|Any CPU
		{4A320CDD-A4CE-4E86-8BCD-411CD374D506}.Debug|Any CPU.ActiveCfg = Debug|Any CPU
		{4A320CDD-A4CE-4E86-8BCD-411CD374D506}.Debug|Any CPU.Build.0 = Debug|Any CPU
		{4A320CDD-A4CE-4E86-8BCD-411CD374D506}.Release|Any CPU.ActiveCfg = Release|Any CPU
		{4A320CDD-A4CE-4E86-8BCD-411CD374D506}.Release|Any CPU.Build.0 = Release|Any CPU
	EndGlobalSection
	GlobalSection(SolutionProperties) = preSolution
		HideSolutionNode = FALSE
	EndGlobalSection
	GlobalSection(ExtensibilityGlobals) = postSolution
		SolutionGuid = {1DCEB5AC-122B-4D71-991E-2242E2576E25}
	EndGlobalSection
EndGlobal
